
Microsoft Visual Studio Solution File, Format Version 12.00
# Visual Studio Version 16
VisualStudioVersion = 16.0.30114.105
MinimumVisualStudioVersion = 10.0.40219.1
Project("{FAE04EC0-301F-11D3-BF4B-00C04F79EFBC}") = "MinimalAPI", "MinimalAPI\MinimalAPI.csproj", "{1AAF620C-27AC-4365-89AF-DF82CD621AAE}"
EndProject
Project("{FAE04EC0-301F-11D3-BF4B-00C04F79EFBC}") = "MinimalAPI.Tests", "MinimalAPI.Tests\MinimalAPI.Tests.csproj", "{AA334B2E-68DF-40CD-A83A-6F22F83F2BF1}"
EndProject
Global
	GlobalSection(SolutionConfigurationPlatforms) = preSolution
		Debug|Any CPU = Debug|Any CPU
		Release|Any CPU = Release|Any CPU
	EndGlobalSection
	GlobalSection(SolutionProperties) = preSolution
		HideSolutionNode = FALSE
	EndGlobalSection
	GlobalSection(ProjectConfigurationPlatforms) = postSolution
		{1AAF620C-27AC-4365-89AF-DF82CD621AAE}.Debug|Any CPU.ActiveCfg = Debug|Any CPU
		{1AAF620C-27AC-4365-89AF-DF82CD621AAE}.Debug|Any CPU.Build.0 = Debug|Any CPU
		{1AAF620C-27AC-4365-89AF-DF82CD621AAE}.Release|Any CPU.ActiveCfg = Release|Any CPU
		{1AAF620C-27AC-4365-89AF-DF82CD621AAE}.Release|Any CPU.Build.0 = Release|Any CPU
		{AA334B2E-68DF-40CD-A83A-6F22F83F2BF1}.Debug|Any CPU.ActiveCfg = Debug|Any CPU
		{AA334B2E-68DF-40CD-A83A-6F22F83F2BF1}.Debug|Any CPU.Build.0 = Debug|Any CPU
		{AA334B2E-68DF-40CD-A83A-6F22F83F2BF1}.Release|Any CPU.ActiveCfg = Release|Any CPU
		{AA334B2E-68DF-40CD-A83A-6F22F83F2BF1}.Release|Any CPU.Build.0 = Release|Any CPU
	EndGlobalSection
EndGlobal
